// !$*UTF8*$!
{
	archiveVersion = 1;
	classes = {
	};
	objectVersion = 46;
	objects = {

/* Begin PBXBuildFile section */
		5CD922E61EB98CBF00DF2909 /* AppDelegate.swift in Sources */ = {isa = PBXBuildFile; fileRef = 5CD922E51EB98CBF00DF2909 /* AppDelegate.swift */; };
		5CD922E81EB98CBF00DF2909 /* ViewController.swift in Sources */ = {isa = PBXBuildFile; fileRef = 5CD922E71EB98CBF00DF2909 /* ViewController.swift */; };
		5CD922EB1EB98CBF00DF2909 /* Main.storyboard in Resources */ = {isa = PBXBuildFile; fileRef = 5CD922E91EB98CBF00DF2909 /* Main.storyboard */; };
		5CD922ED1EB98CBF00DF2909 /* Assets.xcassets in Resources */ = {isa = PBXBuildFile; fileRef = 5CD922EC1EB98CBF00DF2909 /* Assets.xcassets */; };
		5CD922F01EB98CBF00DF2909 /* LaunchScreen.storyboard in Resources */ = {isa = PBXBuildFile; fileRef = 5CD922EE1EB98CBF00DF2909 /* LaunchScreen.storyboard */; };
/* End PBXBuildFile section */

/* Begin PBXFileReference section */
		5CD922E21EB98CBF00DF2909 /* AnimatingLabel.app */ = {isa = PBXFileReference; explicitFileType = wrapper.application; includeInIndex = 0; path = AnimatingLabel.app; sourceTree = BUILT_PRODUCTS_DIR; };
		5CD922E51EB98CBF00DF2909 /* AppDelegate.swift */ = {isa = PBXFileReference; lastKnownFileType = sourcecode.swift; path = AppDelegate.swift; sourceTree = "<group>"; };
		5CD922E71EB98CBF00DF2909 /* ViewController.swift */ = {isa = PBXFileReference; lastKnownFileType = sourcecode.swift; path = ViewController.swift; sourceTree = "<group>"; };
		5CD922EA1EB98CBF00DF2909 /* Base */ = {isa = PBXFileReference; lastKnownFileType = file.storyboard; name = Base; path = Base.lproj/Main.storyboard; sourceTree = "<group>"; };
		5CD922EC1EB98CBF00DF2909 /* Assets.xcassets */ = {isa = PBXFileReference; lastKnownFileType = folder.assetcatalog; path = Assets.xcassets; sourceTree = "<group>"; };
		5CD922EF1EB98CBF00DF2909 /* Base */ = {isa = PBXFileReference; lastKnownFileType = file.storyboard; name = Base; path = Base.lproj/LaunchScreen.storyboard; sourceTree = "<group>"; };
		5CD922F11EB98CBF00DF2909 /* Info.plist */ = {isa = PBXFileReference; lastKnownFileType = text.plist.xml; path = Info.plist; sourceTree = "<group>"; };
/* End PBXFileReference section */

/* Begin PBXFrameworksBuildPhase section */
		5CD922DF1EB98CBE00DF2909 /* Frameworks */ = {
			isa = PBXFrameworksBuildPhase;
			buildActionMask = 2147483647;
			files = (
			);
			runOnlyForDeploymentPostprocessing = 0;
		};
/* End PBXFrameworksBuildPhase section */

/* Begin PBXGroup section */
		5CD922D91EB98CBE00DF2909 = {
			isa = PBXGroup;
			children = (
				5CD922E41EB98CBF00DF2909 /* AnimatingLabel */,
				5CD922E31EB98CBF00DF2909 /* Products */,
			);
			sourceTree = "<group>";
		};
		5CD922E31EB98CBF00DF2909 /* Products */ = {
			isa = PBXGroup;
			children = (
				5CD922E21EB98CBF00DF2909 /* AnimatingLabel.app */,
			);
			name = Products;
			sourceTree = "<group>";
		};
		5CD922E41EB98CBF00DF2909 /* AnimatingLabel */ = {
			isa = PBXGroup;
			children = (
				5CD922E51EB98CBF00DF2909 /* AppDelegate.swift */,
				5CD922E71EB98CBF00DF2909 /* ViewController.swift */,
				5CD922E91EB98CBF00DF2909 /* Main.storyboard */,
				5CD922EC1EB98CBF00DF2909 /* Assets.xcassets */,
				5CD922EE1EB98CBF00DF2909 /* LaunchScreen.storyboard */,
				5CD922F11EB98CBF00DF2909 /* Info.plist */,
			);
			path = AnimatingLabel;
			sourceTree = "<group>";
		};
/* End PBXGroup section */

/* Begin PBXNativeTarget section */
		5CD922E11EB98CBE00DF2909 /* AnimatingLabel */ = {
			isa = PBXNativeTarget;
			buildConfigurationList = 5CD922F41EB98CBF00DF2909 /* Build configuration list for PBXNativeTarget "AnimatingLabel" */;
			buildPhases = (
				5CD922DE1EB98CBE00DF2909 /* Sources */,
				5CD922DF1EB98CBE00DF2909 /* Frameworks */,
				5CD922E01EB98CBE00DF2909 /* Resources */,
			);
			buildRules = (
			);
			dependencies = (
			);
			name = AnimatingLabel;
			productName = AnimatingLabel;
			productReference = 5CD922E21EB98CBF00DF2909 /* AnimatingLabel.app */;
			productType = "com.apple.product-type.application";
		};
/* End PBXNativeTarget section */

/* Begin PBXProject section */
		5CD922DA1EB98CBE00DF2909 /* Project object */ = {
			isa = PBXProject;
			attributes = {
				LastSwiftUpdateCheck = 0830;
				LastUpgradeCheck = 0830;
				ORGANIZATIONNAME = Rocky;
				TargetAttributes = {
					5CD922E11EB98CBE00DF2909 = {
						CreatedOnToolsVersion = 8.3.2;
						DevelopmentTeam = 39XXES98DU;
						ProvisioningStyle = Automatic;
					};
				};
			};
			buildConfigurationList = 5CD922DD1EB98CBE00DF2909 /* Build configuration list for PBXProject "AnimatingLabel" */;
			compatibilityVersion = "Xcode 3.2";
			developmentRegion = English;
			hasScannedForEncodings = 0;
			knownRegions = (
				en,
				Base,
			);
			mainGroup = 5CD922D91EB98CBE00DF2909;
			productRefGroup = 5CD922E31EB98CBF00DF2909 /* Products */;
			projectDirPath = "";
			projectRoot = "";
			targets = (
				5CD922E11EB98CBE00DF2909 /* AnimatingLabel */,
			);
		};
/* End PBXProject section */

/* Begin PBXResourcesBuildPhase section */
		5CD922E01EB98CBE00DF2909 /* Resources */ = {
			isa = PBXResourcesBuildPhase;
			buildActionMask = 2147483647;
			files = (
				5CD922F01EB98CBF00DF2909 /* LaunchScreen.storyboard in Resources */,
				5CD922ED1EB98CBF00DF2909 /* Assets.xcassets in Resources */,
				5CD922EB1EB98CBF00DF2909 /* Main.storyboard in Resources */,
			);
			runOnlyForDeploymentPostprocessing = 0;
		};
/* End PBXResourcesBuildPhase section */

/* Begin PBXSourcesBuildPhase section */
		5CD922DE1EB98CBE00DF2909 /* Sources */ = {
			isa = PBXSourcesBuildPhase;
			buildActionMask = 2147483647;
			files = (
				5CD922E81EB98CBF00DF2909 /* ViewController.swift in Sources */,
				5CD922E61EB98CBF00DF2909 /* AppDelegate.swift in Sources */,
			);
			runOnlyForDeploymentPostprocessing = 0;
		};
/* End PBXSourcesBuildPhase section */

/* Begin PBXVariantGroup section */
		5CD922E91EB98CBF00DF2909 /* Main.storyboard */ = {
			isa = PBXVariantGroup;
			children = (
				5CD922EA1EB98CBF00DF2909 /* Base */,
			);
			name = Main.storyboard;
			sourceTree = "<group>";
		};
		5CD922EE1EB98CBF00DF2909 /* LaunchScreen.storyboard */ = {
			isa = PBXVariantGroup;
			children = (
				5CD922EF1EB98CBF00DF2909 /* Base */,
			);
			name = LaunchScreen.storyboard;
			sourceTree = "<group>";
		};
/* End PBXVariantGroup section */

/* Begin XCBuildConfiguration section */
		5CD922F21EB98CBF00DF2909 /* Debug */ = {
			isa = XCBuildConfiguration;
			buildSettings = {
				ALWAYS_SEARCH_USER_PATHS = NO;
				CLANG_ANALYZER_NONNULL = YES;
				CLANG_ANALYZER_NUMBER_OBJECT_CONVERSION = YES_AGGRESSIVE;
				CLANG_CXX_LANGUAGE_STANDARD = "gnu++0x";
				CLANG_CXX_LIBRARY = "libc++";
				CLANG_ENABLE_MODULES = YES;
				CLANG_ENABLE_OBJC_ARC = YES;
				CLANG_WARN_BOOL_CONVERSION = YES;
				CLANG_WARN_CONSTANT_CONVERSION = YES;
				CLANG_WARN_DIRECT_OBJC_ISA_USAGE = YES_ERROR;
				CLANG_WARN_DOCUMENTATION_COMMENTS = YES;
				CLANG_WARN_EMPTY_BODY = YES;
				CLANG_WARN_ENUM_CONVERSION = YES;
				CLANG_WARN_INFINITE_RECURSION = YES;
				CLANG_WARN_INT_CONVERSION = YES;
				CLANG_WARN_OBJC_ROOT_CLASS = YES_ERROR;
				CLANG_WARN_SUSPICIOUS_MOVE = YES;
				CLANG_WARN_UNREACHABLE_CODE = YES;
				CLANG_WARN__DUPLICATE_METHOD_MATCH = YES;
				"CODE_SIGN_IDENTITY[sdk=iphoneos*]" = "iPhone Developer";
				COPY_PHASE_STRIP = NO;
				DEBUG_INFORMATION_FORMAT = dwarf;
				ENABLE_STRICT_OBJC_MSGSEND = YES;
				ENABLE_TESTABILITY = YES;
				GCC_C_LANGUAGE_STANDARD = gnu99;
				GCC_DYNAMIC_NO_PIC = NO;
				GCC_NO_COMMON_BLOCKS = YES;
				GCC_OPTIMIZATION_LEVEL = 0;
				GCC_PREPROCESSOR_DEFINITIONS = (
					"DEBUG=1",
					"$(inherited)",
				);
				GCC_WARN_64_TO_32_BIT_CONVERSION = YES;
				GCC_WARN_ABOUT_RETURN_TYPE = YES_ERROR;
				GCC_WARN_UNDECLARED_SELECTOR = YES;
				GCC_WARN_UNINITIALIZED_AUTOS = YES_AGGRESSIVE;
				GCC_WARN_UNUSED_FUNCTION = YES;
				GCC_WARN_UNUSED_VARIABLE = YES;
				IPHONEOS_DEPLOYMENT_TARGET = 10.3;
				MTL_ENABLE_DEBUG_INFO = YES;
				ONLY_ACTIVE_ARCH = YES;
				SDKROOT = iphoneos;
				SWIFT_ACTIVE_COMPILATION_CONDITIONS = DEBUG;
				SWIFT_OPTIMIZATION_LEVEL = "-Onone";
				TARGETED_DEVICE_FAMILY = "1,2";
			};
			name = Debug;
		};
		5CD922F31EB98CBF00DF2909 /* Release */ = {
			isa = XCBuildConfiguration;
			buildSettings = {
				ALWAYS_SEARCH_USER_PATHS = NO;
				CLANG_ANALYZER_NONNULL = YES;
				CLANG_ANALYZER_NUMBER_OBJECT_CONVERSION = YES_AGGRESSIVE;
				CLANG_CXX_LANGUAGE_STANDARD = "gnu++0x";
				CLANG_CXX_LIBRARY = "libc++";
				CLANG_ENABLE_MODULES = YES;
				CLANG_ENABLE_OBJC_ARC = YES;
				CLANG_WARN_BOOL_CONVERSION = YES;
				CLANG_WARN_CONSTANT_CONVERSION = YES;
				CLANG_WARN_DIRECT_OBJC_ISA_USAGE = YES_ERROR;
				CLANG_WARN_DOCUMENTATION_COMMENTS = YES;
				CLANG_WARN_EMPTY_BODY = YES;
				CLANG_WARN_ENUM_CONVERSION = YES;
				CLANG_WARN_INFINITE_RECURSION = YES;
				CLANG_WARN_INT_CONVERSION = YES;
				CLANG_WARN_OBJC_ROOT_CLASS = YES_ERROR;
				CLANG_WARN_SUSPICIOUS_MOVE = YES;
				CLANG_WARN_UNREACHABLE_CODE = YES;
				CLANG_WARN__DUPLICATE_METHOD_MATCH = YES;
				"CODE_SIGN_IDENTITY[sdk=iphoneos*]" = "iPhone Developer";
				COPY_PHASE_STRIP = NO;
				DEBUG_INFORMATION_FORMAT = "dwarf-with-dsym";
				ENABLE_NS_ASSERTIONS = NO;
				ENABLE_STRICT_OBJC_MSGSEND = YES;
				GCC_C_LANGUAGE_STANDARD = gnu99;
				GCC_NO_COMMON_BLOCKS = YES;
				GCC_WARN_64_TO_32_BIT_CONVERSION = YES;
				GCC_WARN_ABOUT_RETURN_TYPE = YES_ERROR;
				GCC_WARN_UNDECLARED_SELECTOR = YES;
				GCC_WARN_UNINITIALIZED_AUTOS = YES_AGGRESSIVE;
				GCC_WARN_UNUSED_FUNCTION = YES;
				GCC_WARN_UNUSED_VARIABLE = YES;
				IPHONEOS_DEPLOYMENT_TARGET = 10.3;
				MTL_ENABLE_DEBUG_INFO = NO;
				SDKROOT = iphoneos;
				SWIFT_OPTIMIZATION_LEVEL = "-Owholemodule";
				TARGETED_DEVICE_FAMILY = "1,2";
				VALIDATE_PRODUCT = YES;
			};
			name = Release;
		};
		5CD922F51EB98CBF00DF2909 /* Debug */ = {
			isa = XCBuildConfiguration;
			buildSettings = {
				ASSETCATALOG_COMPILER_APPICON_NAME = AppIcon;
				DEVELOPMENT_TEAM = 39XXES98DU;
				INFOPLIST_FILE = AnimatingLabel/Info.plist;
				LD_RUNPATH_SEARCH_PATHS = "$(inherited) @executable_path/Frameworks";
				PRODUCT_BUNDLE_IDENTIFIER = mycompany.AnimatingLabel;
				PRODUCT_NAME = "$(TARGET_NAME)";
				SWIFT_VERSION = 3.0;
			};
			name = Debug;
		};
		5CD922F61EB98CBF00DF2909 /* Release */ = {
			isa = XCBuildConfiguration;
			buildSettings = {
				ASSETCATALOG_COMPILER_APPICON_NAME = AppIcon;
				DEVELOPMENT_TEAM = 39XXES98DU;
				INFOPLIST_FILE = AnimatingLabel/Info.plist;
				LD_RUNPATH_SEARCH_PATHS = "$(inherited) @executable_path/Frameworks";
				PRODUCT_BUNDLE_IDENTIFIER = mycompany.AnimatingLabel;
				PRODUCT_NAME = "$(TARGET_NAME)";
				SWIFT_VERSION = 3.0;
			};
			name = Release;
		};
/* End XCBuildConfiguration section */

/* Begin XCConfigurationList section */
		5CD922DD1EB98CBE00DF2909 /* Build configuration list for PBXProject "AnimatingLabel" */ = {
			isa = XCConfigurationList;
			buildConfigurations = (
				5CD922F21EB98CBF00DF2909 /* Debug */,
				5CD922F31EB98CBF00DF2909 /* Release */,
			);
			defaultConfigurationIsVisible = 0;
			defaultConfigurationName = Release;
		};
		5CD922F41EB98CBF00DF2909 /* Build configuration list for PBXNativeTarget "AnimatingLabel" */ = {
			isa = XCConfigurationList;
			buildConfigurations = (
				5CD922F51EB98CBF00DF2909 /* Debug */,
				5CD922F61EB98CBF00DF2909 /* Release */,
			);
			defaultConfigurationIsVisible = 0;
		};
/* End XCConfigurationList section */
	};
	rootObject = 5CD922DA1EB98CBE00DF2909 /* Project object */;
}
